
Microsoft Visual Studio Solution File, Format Version 12.00
# Visual Studio Version 16
VisualStudioVersion = 16.0.29215.179
MinimumVisualStudioVersion = 10.0.40219.1
Project("{FAE04EC0-301F-11D3-BF4B-00C04F79EFBC}") = "AzureUnusedVariableGroups", "AzureUnusedVariableGroups\AzureUnusedVariableGroups.csproj", "{3E513B36-60C5-4F49-9FCA-266016E4FD53}"
EndProject
Global
	GlobalSection(SolutionConfigurationPlatforms) = preSolution
		Debug|Any CPU = Debug|Any CPU
		Release|Any CPU = Release|Any CPU
	EndGlobalSection
	GlobalSection(ProjectConfigurationPlatforms) = postSolution
		{3E513B36-60C5-4F49-9FCA-266016E4FD53}.Debug|Any CPU.ActiveCfg = Debug|Any CPU
		{3E513B36-60C5-4F49-9FCA-266016E4FD53}.Debug|Any CPU.Build.0 = Debug|Any CPU
		{3E513B36-60C5-4F49-9FCA-266016E4FD53}.Release|Any CPU.ActiveCfg = Release|Any CPU
		{3E513B36-60C5-4F49-9FCA-266016E4FD53}.Release|Any CPU.Build.0 = Release|Any CPU
	EndGlobalSection
	GlobalSection(SolutionProperties) = preSolution
		HideSolutionNode = FALSE
	EndGlobalSection
	GlobalSection(ExtensibilityGlobals) = postSolution
		SolutionGuid = {7636AE68-E87D-4256-ABEB-CFC55CEA239A}
	EndGlobalSection
EndGlobal
